
Microsoft Visual Studio Solution File, Format Version 12.00
# Visual Studio Version 17
VisualStudioVersion = 17.0.31903.59
MinimumVisualStudioVersion = 10.0.40219.1
Project("{2150E333-8FDC-42A3-9474-1A3956D46DE8}") = "src", "src", "{986CE346-7FAD-46C3-BB10-2E3DAD4726F3}"
EndProject
Project("{FAE04EC0-301F-11D3-BF4B-00C04F79EFBC}") = "AuctionService", "src\AuctionService\AuctionService.csproj", "{95639DFC-CB0E-4C8C-A9E0-289A414BD577}"
EndProject
Project("{FAE04EC0-301F-11D3-BF4B-00C04F79EFBC}") = "SearchService", "src\SearchService\SearchService.csproj", "{446989CD-58AC-4B1C-9E50-AA4A2954C04C}"
EndProject
Project("{FAE04EC0-301F-11D3-BF4B-00C04F79EFBC}") = "Contracts", "src\Contracts\Contracts.csproj", "{55F7DBAA-3F4D-446B-B014-E7E20F8AAD13}"
EndProject
Project("{FAE04EC0-301F-11D3-BF4B-00C04F79EFBC}") = "IdentityService", "src\IdentityService\IdentityService.csproj", "{81DE3389-7B0A-4997-96AD-A44F1CFF26B3}"
EndProject
Project("{FAE04EC0-301F-11D3-BF4B-00C04F79EFBC}") = "GatewayService", "src\GatewayService\GatewayService.csproj", "{C976BDA9-ED89-493D-9413-ACBAFC10C80E}"
EndProject
Project("{2150E333-8FDC-42A3-9474-1A3956D46DE8}") = "tests", "tests", "{02A42B48-92A4-4609-A163-5149DD3CC8A8}"
EndProject
Project("{FAE04EC0-301F-11D3-BF4B-00C04F79EFBC}") = "AuctionService.UnitTests", "tests\AuctionService.UnitTests\AuctionService.UnitTests.csproj", "{B3E8671C-B2F6-4BAE-8C6A-6E518F25F84B}"
EndProject
Global
	GlobalSection(SolutionConfigurationPlatforms) = preSolution
		Debug|Any CPU = Debug|Any CPU
		Release|Any CPU = Release|Any CPU
	EndGlobalSection
	GlobalSection(SolutionProperties) = preSolution
		HideSolutionNode = FALSE
	EndGlobalSection
	GlobalSection(ProjectConfigurationPlatforms) = postSolution
		{95639DFC-CB0E-4C8C-A9E0-289A414BD577}.Debug|Any CPU.ActiveCfg = Debug|Any CPU
		{95639DFC-CB0E-4C8C-A9E0-289A414BD577}.Debug|Any CPU.Build.0 = Debug|Any CPU
		{95639DFC-CB0E-4C8C-A9E0-289A414BD577}.Release|Any CPU.ActiveCfg = Release|Any CPU
		{95639DFC-CB0E-4C8C-A9E0-289A414BD577}.Release|Any CPU.Build.0 = Release|Any CPU
		{446989CD-58AC-4B1C-9E50-AA4A2954C04C}.Debug|Any CPU.ActiveCfg = Debug|Any CPU
		{446989CD-58AC-4B1C-9E50-AA4A2954C04C}.Debug|Any CPU.Build.0 = Debug|Any CPU
		{446989CD-58AC-4B1C-9E50-AA4A2954C04C}.Release|Any CPU.ActiveCfg = Release|Any CPU
		{446989CD-58AC-4B1C-9E50-AA4A2954C04C}.Release|Any CPU.Build.0 = Release|Any CPU
		{55F7DBAA-3F4D-446B-B014-E7E20F8AAD13}.Debug|Any CPU.ActiveCfg = Debug|Any CPU
		{55F7DBAA-3F4D-446B-B014-E7E20F8AAD13}.Debug|Any CPU.Build.0 = Debug|Any CPU
		{55F7DBAA-3F4D-446B-B014-E7E20F8AAD13}.Release|Any CPU.ActiveCfg = Release|Any CPU
		{55F7DBAA-3F4D-446B-B014-E7E20F8AAD13}.Release|Any CPU.Build.0 = Release|Any CPU
		{81DE3389-7B0A-4997-96AD-A44F1CFF26B3}.Debug|Any CPU.ActiveCfg = Debug|Any CPU
		{81DE3389-7B0A-4997-96AD-A44F1CFF26B3}.Debug|Any CPU.Build.0 = Debug|Any CPU
		{81DE3389-7B0A-4997-96AD-A44F1CFF26B3}.Release|Any CPU.ActiveCfg = Release|Any CPU
		{81DE3389-7B0A-4997-96AD-A44F1CFF26B3}.Release|Any CPU.Build.0 = Release|Any CPU
		{C976BDA9-ED89-493D-9413-ACBAFC10C80E}.Debug|Any CPU.ActiveCfg = Debug|Any CPU
		{C976BDA9-ED89-493D-9413-ACBAFC10C80E}.Debug|Any CPU.Build.0 = Debug|Any CPU
		{C976BDA9-ED89-493D-9413-ACBAFC10C80E}.Release|Any CPU.ActiveCfg = Release|Any CPU
		{C976BDA9-ED89-493D-9413-ACBAFC10C80E}.Release|Any CPU.Build.0 = Release|Any CPU
		{B3E8671C-B2F6-4BAE-8C6A-6E518F25F84B}.Debug|Any CPU.ActiveCfg = Debug|Any CPU
		{B3E8671C-B2F6-4BAE-8C6A-6E518F25F84B}.Debug|Any CPU.Build.0 = Debug|Any CPU
		{B3E8671C-B2F6-4BAE-8C6A-6E518F25F84B}.Release|Any CPU.ActiveCfg = Release|Any CPU
		{B3E8671C-B2F6-4BAE-8C6A-6E518F25F84B}.Release|Any CPU.Build.0 = Release|Any CPU
	EndGlobalSection
	GlobalSection(NestedProjects) = preSolution
		{95639DFC-CB0E-4C8C-A9E0-289A414BD577} = {986CE346-7FAD-46C3-BB10-2E3DAD4726F3}
		{446989CD-58AC-4B1C-9E50-AA4A2954C04C} = {986CE346-7FAD-46C3-BB10-2E3DAD4726F3}
		{55F7DBAA-3F4D-446B-B014-E7E20F8AAD13} = {986CE346-7FAD-46C3-BB10-2E3DAD4726F3}
		{81DE3389-7B0A-4997-96AD-A44F1CFF26B3} = {986CE346-7FAD-46C3-BB10-2E3DAD4726F3}
		{C976BDA9-ED89-493D-9413-ACBAFC10C80E} = {986CE346-7FAD-46C3-BB10-2E3DAD4726F3}
		{B3E8671C-B2F6-4BAE-8C6A-6E518F25F84B} = {02A42B48-92A4-4609-A163-5149DD3CC8A8}
	EndGlobalSection
EndGlobal
