
Microsoft Visual Studio Solution File, Format Version 12.00
# Visual Studio Version 17
VisualStudioVersion = 17.0.31903.59
MinimumVisualStudioVersion = 10.0.40219.1
Project("{2150E333-8FDC-42A3-9474-1A3956D46DE8}") = "src", "src", "{986CE346-7FAD-46C3-BB10-2E3DAD4726F3}"
EndProject
Project("{FAE04EC0-301F-11D3-BF4B-00C04F79EFBC}") = "AuctionService", "src\AuctionService\AuctionService.csproj", "{95639DFC-CB0E-4C8C-A9E0-289A414BD577}"
EndProject
Project("{FAE04EC0-301F-11D3-BF4B-00C04F79EFBC}") = "SearchService", "src\SearchService\SearchService.csproj", "{446989CD-58AC-4B1C-9E50-AA4A2954C04C}"
EndProject
Project("{FAE04EC0-301F-11D3-BF4B-00C04F79EFBC}") = "Contracts", "src\Contracts\Contracts.csproj", "{55F7DBAA-3F4D-446B-B014-E7E20F8AAD13}"
EndProject
Global
	GlobalSection(SolutionConfigurationPlatforms) = preSolution
		Debug|Any CPU = Debug|Any CPU
		Release|Any CPU = Release|Any CPU
	EndGlobalSection
	GlobalSection(SolutionProperties) = preSolution
		HideSolutionNode = FALSE
	EndGlobalSection
	GlobalSection(ProjectConfigurationPlatforms) = postSolution
		{95639DFC-CB0E-4C8C-A9E0-289A414BD577}.Debug|Any CPU.ActiveCfg = Debug|Any CPU
		{95639DFC-CB0E-4C8C-A9E0-289A414BD577}.Debug|Any CPU.Build.0 = Debug|Any CPU
		{95639DFC-CB0E-4C8C-A9E0-289A414BD577}.Release|Any CPU.ActiveCfg = Release|Any CPU
		{95639DFC-CB0E-4C8C-A9E0-289A414BD577}.Release|Any CPU.Build.0 = Release|Any CPU
		{446989CD-58AC-4B1C-9E50-AA4A2954C04C}.Debug|Any CPU.ActiveCfg = Debug|Any CPU
		{446989CD-58AC-4B1C-9E50-AA4A2954C04C}.Debug|Any CPU.Build.0 = Debug|Any CPU
		{446989CD-58AC-4B1C-9E50-AA4A2954C04C}.Release|Any CPU.ActiveCfg = Release|Any CPU
		{446989CD-58AC-4B1C-9E50-AA4A2954C04C}.Release|Any CPU.Build.0 = Release|Any CPU
		{55F7DBAA-3F4D-446B-B014-E7E20F8AAD13}.Debug|Any CPU.ActiveCfg = Debug|Any CPU
		{55F7DBAA-3F4D-446B-B014-E7E20F8AAD13}.Debug|Any CPU.Build.0 = Debug|Any CPU
		{55F7DBAA-3F4D-446B-B014-E7E20F8AAD13}.Release|Any CPU.ActiveCfg = Release|Any CPU
		{55F7DBAA-3F4D-446B-B014-E7E20F8AAD13}.Release|Any CPU.Build.0 = Release|Any CPU
	EndGlobalSection
	GlobalSection(NestedProjects) = preSolution
		{95639DFC-CB0E-4C8C-A9E0-289A414BD577} = {986CE346-7FAD-46C3-BB10-2E3DAD4726F3}
		{446989CD-58AC-4B1C-9E50-AA4A2954C04C} = {986CE346-7FAD-46C3-BB10-2E3DAD4726F3}
		{55F7DBAA-3F4D-446B-B014-E7E20F8AAD13} = {986CE346-7FAD-46C3-BB10-2E3DAD4726F3}
	EndGlobalSection
EndGlobal
